
Microsoft Visual Studio Solution File, Format Version 12.00
# Visual Studio Version 17
VisualStudioVersion = 17.13.35825.156 d17.13
MinimumVisualStudioVersion = 10.0.40219.1
Project("{FAE04EC0-301F-11D3-BF4B-00C04F79EFBC}") = "EjemploMongoAmazon", "EjemploMongoAmazon\EjemploMongoAmazon.csproj", "{6DA2EE75-B276-45CF-9A52-8A88D9866405}"
EndProject
Global
	GlobalSection(SolutionConfigurationPlatforms) = preSolution
		Debug|Any CPU = Debug|Any CPU
		Release|Any CPU = Release|Any CPU
	EndGlobalSection
	GlobalSection(ProjectConfigurationPlatforms) = postSolution
		{6DA2EE75-B276-45CF-9A52-8A88D9866405}.Debug|Any CPU.ActiveCfg = Debug|Any CPU
		{6DA2EE75-B276-45CF-9A52-8A88D9866405}.Debug|Any CPU.Build.0 = Debug|Any CPU
		{6DA2EE75-B276-45CF-9A52-8A88D9866405}.Release|Any CPU.ActiveCfg = Release|Any CPU
		{6DA2EE75-B276-45CF-9A52-8A88D9866405}.Release|Any CPU.Build.0 = Release|Any CPU
	EndGlobalSection
	GlobalSection(SolutionProperties) = preSolution
		HideSolutionNode = FALSE
	EndGlobalSection
	GlobalSection(ExtensibilityGlobals) = postSolution
		SolutionGuid = {17F0EB3D-991E-4DCF-8BAB-751003F3B121}
	EndGlobalSection
EndGlobal
